<?xml version="1.0" encoding="utf-8"?>
<Project ToolsVersion="4.0" xmlns="http://schemas.microsoft.com/developer/msbuild/2003">
  <ItemGroup>
    <Filter Include="Source Files">
      <UniqueIdentifier>{4FC737F1-C7A5-4376-A066-2A32D752A2FF}</UniqueIdentifier>
      <Extensions>cpp;c;cc;cxx;def;odl;idl;hpj;bat;asm;asmx</Extensions>
    </Filter>
    <Filter Include="Header Files">
      <UniqueIdentifier>{93995380-89BD-4b04-88EB-625FBE52EBFB}</UniqueIdentifier>
      <Extensions>h;hh;hpp;hxx;hm;inl;inc;xsd</Extensions>
    </Filter>
    <Filter Include="Header Files\Singleton">
      <UniqueIdentifier>{a7a46b67-b062-4e34-b713-1e4e42cac81e}</UniqueIdentifier>
    </Filter>
    <Filter Include="Source Files\Singleton">
      <UniqueIdentifier>{040fa741-7f61-4ec4-a378-42b11f8dc47a}</UniqueIdentifier>
    </Filter>
  </ItemGroup>
  <ItemGroup>
    <ClCompile Include="Main.cpp">
      <Filter>Source Files</Filter>
    </ClCompile>
    <ClCompile Include="NApplication.cpp">
      <Filter>Source Files</Filter>
    </ClCompile>
    <ClCompile Include="NDirectx.cpp">
      <Filter>Source Files</Filter>
    </ClCompile>
    <ClCompile Include="NWindow.cpp">
      <Filter>Source Files</Filter>
    </ClCompile>
    <ClCompile Include="NFile.cpp">
      <Filter>Source Files</Filter>
    </ClCompile>
    <ClCompile Include="NDirectxHelper.cpp">
      <Filter>Source Files</Filter>
    </ClCompile>
    <ClCompile Include="NShader.cpp">
      <Filter>Source Files</Filter>
    </ClCompile>
    <ClCompile Include="NMaterial.cpp">
      <Filter>Source Files</Filter>
    </ClCompile>
    <ClCompile Include="NGameObject.cpp">
      <Filter>Source Files</Filter>
    </ClCompile>
    <ClCompile Include="NTransform.cpp">
      <Filter>Source Files</Filter>
    </ClCompile>
    <ClCompile Include="NVector3.cpp">
      <Filter>Source Files</Filter>
    </ClCompile>
    <ClCompile Include="NVertexBuffer.cpp">
      <Filter>Source Files</Filter>
    </ClCompile>
    <ClCompile Include="NIndexBuffer.cpp">
      <Filter>Source Files</Filter>
    </ClCompile>
    <ClCompile Include="NModel.cpp">
      <Filter>Source Files</Filter>
    </ClCompile>
    <ClCompile Include="NCamera.cpp">
      <Filter>Source Files</Filter>
    </ClCompile>
    <ClCompile Include="NSingleton.cpp">
      <Filter>Source Files\Singleton</Filter>
    </ClCompile>
    <ClCompile Include="NScreen.cpp">
      <Filter>Source Files\Singleton</Filter>
    </ClCompile>
    <ClCompile Include="NShaderManager.cpp">
      <Filter>Source Files\Singleton</Filter>
    </ClCompile>
    <ClCompile Include="NObj.cpp">
      <Filter>Source Files</Filter>
    </ClCompile>
    <ClCompile Include="NInput.cpp">
      <Filter>Source Files\Singleton</Filter>
    </ClCompile>
    <ClCompile Include="NVector2.cpp">
      <Filter>Source Files</Filter>
    </ClCompile>
    <ClCompile Include="NVector4.cpp">
      <Filter>Source Files</Filter>
    </ClCompile>
  </ItemGroup>
  <ItemGroup>
    <ClInclude Include="Nully.h">
      <Filter>Header Files</Filter>
    </ClInclude>
    <ClInclude Include="IGraphics.h">
      <Filter>Header Files</Filter>
    </ClInclude>
    <ClInclude Include="NApplication.h">
      <Filter>Header Files</Filter>
    </ClInclude>
    <ClInclude Include="NDirectx.h">
      <Filter>Header Files</Filter>
    </ClInclude>
    <ClInclude Include="NWindow.h">
      <Filter>Header Files</Filter>
    </ClInclude>
    <ClInclude Include="NWindowAlignment.h">
      <Filter>Header Files</Filter>
    </ClInclude>
    <ClInclude Include="NApplicationDesc.h">
      <Filter>Header Files</Filter>
    </ClInclude>
    <ClInclude Include="NGraphicsDesc.h">
      <Filter>Header Files</Filter>
    </ClInclude>
    <ClInclude Include="NWindowDesc.h">
      <Filter>Header Files</Filter>
    </ClInclude>
    <ClInclude Include="NTypes.h">
      <Filter>Header Files</Filter>
    </ClInclude>
    <ClInclude Include="NFile.h">
      <Filter>Header Files</Filter>
    </ClInclude>
    <ClInclude Include="NIntern.h">
      <Filter>Header Files</Filter>
    </ClInclude>
    <ClInclude Include="NResult.h">
      <Filter>Header Files</Filter>
    </ClInclude>
    <ClInclude Include="NFileMode.h">
      <Filter>Header Files</Filter>
    </ClInclude>
    <ClInclude Include="NFilePosition.h">
      <Filter>Header Files</Filter>
    </ClInclude>
    <ClInclude Include="NDirectxHelper.h">
      <Filter>Header Files</Filter>
    </ClInclude>
    <ClInclude Include="NShader.h">
      <Filter>Header Files</Filter>
    </ClInclude>
    <ClInclude Include="NMaterial.h">
      <Filter>Header Files</Filter>
    </ClInclude>
    <ClInclude Include="NGameObject.h">
      <Filter>Header Files</Filter>
    </ClInclude>
    <ClInclude Include="NVector3.h">
      <Filter>Header Files</Filter>
    </ClInclude>
    <ClInclude Include="NTransform.h">
      <Filter>Header Files</Filter>
    </ClInclude>
    <ClInclude Include="NString.h">
      <Filter>Header Files</Filter>
    </ClInclude>
    <ClInclude Include="NShaderType.h">
      <Filter>Header Files</Filter>
    </ClInclude>
    <ClInclude Include="NShaderManager.h">
      <Filter>Header Files\Singleton</Filter>
    </ClInclude>
    <ClInclude Include="NSingleton.h">
      <Filter>Header Files\Singleton</Filter>
    </ClInclude>
    <ClInclude Include="NVertexBuffer.h">
      <Filter>Header Files</Filter>
    </ClInclude>
    <ClInclude Include="NIndexBuffer.h">
      <Filter>Header Files</Filter>
    </ClInclude>
    <ClInclude Include="NModel.h">
      <Filter>Header Files</Filter>
    </ClInclude>
    <ClInclude Include="NCamera.h">
      <Filter>Header Files</Filter>
    </ClInclude>
    <ClInclude Include="NScreen.h">
      <Filter>Header Files\Singleton</Filter>
    </ClInclude>
    <ClInclude Include="NCameraMoveDirection.h">
      <Filter>Header Files</Filter>
    </ClInclude>
    <ClInclude Include="NWorldViewProjection.h">
      <Filter>Header Files</Filter>
    </ClInclude>
    <ClInclude Include="NObj.h">
      <Filter>Header Files</Filter>
    </ClInclude>
    <ClInclude Include="NObjFace.h">
      <Filter>Header Files</Filter>
    </ClInclude>
    <ClInclude Include="NObjDataType.h">
      <Filter>Header Files</Filter>
    </ClInclude>
    <ClInclude Include="NFillMode.h">
      <Filter>Header Files</Filter>
    </ClInclude>
    <ClInclude Include="NInput.h">
      <Filter>Header Files\Singleton</Filter>
    </ClInclude>
    <ClInclude Include="IInput.h">
      <Filter>Header Files</Filter>
    </ClInclude>
    <ClInclude Include="NKey.h">
      <Filter>Header Files</Filter>
    </ClInclude>
    <ClInclude Include="NVector2.h">
      <Filter>Header Files</Filter>
    </ClInclude>
    <ClInclude Include="NMouseButton.h">
      <Filter>Header Files</Filter>
    </ClInclude>
    <ClInclude Include="NVector4.h">
      <Filter>Header Files</Filter>
    </ClInclude>
  </ItemGroup>
</Project>